github.com/alphacep/vosk-api/go v0.3.45 h1:kVRykekkz/32tLzIIxbCckLoetDOXyHW5bIois4Ww8k=
github.com/alphacep/vosk-api/go v0.3.45/go.mod h1:9X8IJsHnFk/b1xyvjlZifo+ZL5VTAx3LW+JQce/eRcA=
github.com/go-telegram-bot-api/telegram-bot-api/v5 v5.5.1 h1:wG8n/XJQ07TmjbITcGiUaOtXxdrINDz1b0J1w0SzqDc=
github.com/go-telegram-bot-api/telegram-bot-api/v5 v5.5.1/go.mod h1:A2S0CWkNylc2phvKXWBBdD3K0iGnDBGbzRpISP2zBl8=
github.com/kelseyhightower/envconfig v1.4.0 h1:Im6hONhd3pLkfDFsbRgu68RDNkGF1r3dvMUtDTo2cv8=
github.com/kelseyhightower/envconfig v1.4.0/go.mod h1:cccZRl6mQpaq41TPp5QxidR+Sa3axMbJDNb//FQX6Gg=
